{
  "nodes": {
    "nixpkgs": {
      "locked": {
        "lastModified": 1771621285,
        "narHash": "sha256-MOUuS6RuCncOwLayhBpbf1V/O03ocjP1BJw8Vq1SZ/Y=",
        "owner": "nixos",
        "repo": "nixpkgs",
        "rev": "0f998b2204e1f8f950a2192e3951bf88e01f8fc2",
        "type": "github"
      },
      "original": {
        "owner": "nixos",
        "repo": "nixpkgs",
        "type": "github"
      }
    },
    "root": {
      "inputs": {
        "nixpkgs": "nixpkgs"
      }
    }
  },
  "root": "root",
  "version": 7
}
